// !$*UTF8*$!
{
	archiveVersion = 1;
	classes = {
	};
	objectVersion = 46;
	objects = {

/* Begin PBXBuildFile section */
		262910260079E5BB37C88A86 /* Pods_ShowmeSomeNetflix.framework in Frameworks */ = {isa = PBXBuildFile; fileRef = 4BD3D158C78EC2CBADE719FA /* Pods_ShowmeSomeNetflix.framework */; };
		2D039E591E367BF8006B62DA /* CoreDataStack.swift in Sources */ = {isa = PBXBuildFile; fileRef = 2D039E581E367BF8006B62DA /* CoreDataStack.swift */; };
		2D254D6E1E6C7462001407A6 /* CountriesVC.swift in Sources */ = {isa = PBXBuildFile; fileRef = 2D254D6D1E6C7462001407A6 /* CountriesVC.swift */; };
		2D2CF1171E915DBE00CDE89D /* SearchBarExtension.swift in Sources */ = {isa = PBXBuildFile; fileRef = 2D2CF1161E915DBE00CDE89D /* SearchBarExtension.swift */; };
		2D2CF1321E9161BB00CDE89D /* UIImageExtension.swift in Sources */ = {isa = PBXBuildFile; fileRef = 2D2CF1311E9161BB00CDE89D /* UIImageExtension.swift */; };
		2D4929ED1E7DBC3F00CB9F96 /* Kingfisher.framework in Copy Frameworks */ = {isa = PBXBuildFile; fileRef = 2D7ABB521E3BB18000755EC4 /* Kingfisher.framework */; settings = {ATTRIBUTES = (CodeSignOnCopy, RemoveHeadersOnCopy, ); }; };
		2D4929FC1E7DBD7D00CB9F96 /* MoviesViewController.swift in Sources */ = {isa = PBXBuildFile; fileRef = 2D4929FB1E7DBD7D00CB9F96 /* MoviesViewController.swift */; };
		2D4929FF1E7DC0BE00CB9F96 /* TransitionFroMoviesToSelected.swift in Sources */ = {isa = PBXBuildFile; fileRef = 2D4929FE1E7DC0BE00CB9F96 /* TransitionFroMoviesToSelected.swift */; };
		2D492A011E7DC10100CB9F96 /* TransitionFromSelectedMovieToMovies.swift in Sources */ = {isa = PBXBuildFile; fileRef = 2D492A001E7DC10100CB9F96 /* TransitionFromSelectedMovieToMovies.swift */; };
		2D4C89521E43B43E001BE6A1 /* DataExtension.swift in Sources */ = {isa = PBXBuildFile; fileRef = 2D4C89511E43B43E001BE6A1 /* DataExtension.swift */; };
		2D4D0CC31E3689C1005E569E /* Alamofire.framework in Frameworks */ = {isa = PBXBuildFile; fileRef = 2D4D0CB61E368950005E569E /* Alamofire.framework */; };
		2D4D0CC41E3689C1005E569E /* Alamofire.framework in Copy Frameworks */ = {isa = PBXBuildFile; fileRef = 2D4D0CB61E368950005E569E /* Alamofire.framework */; settings = {ATTRIBUTES = (CodeSignOnCopy, RemoveHeadersOnCopy, ); }; };
		2D4D0CE11E368BF9005E569E /* SwiftyJSON.framework in Frameworks */ = {isa = PBXBuildFile; fileRef = 2D4D0CD41E368BE7005E569E /* SwiftyJSON.framework */; };
		2D4D0CE21E368BF9005E569E /* SwiftyJSON.framework in Copy Frameworks */ = {isa = PBXBuildFile; fileRef = 2D4D0CD41E368BE7005E569E /* SwiftyJSON.framework */; settings = {ATTRIBUTES = (CodeSignOnCopy, RemoveHeadersOnCopy, ); }; };
		2D4F14FE1F0913A800D66714 /* SerieDetailBuilder.swift in Sources */ = {isa = PBXBuildFile; fileRef = 2D4F14FD1F0913A800D66714 /* SerieDetailBuilder.swift */; };
		2D4F15001F0914FB00D66714 /* SerieDetailDefaultBuilder.swift in Sources */ = {isa = PBXBuildFile; fileRef = 2D4F14FF1F0914FB00D66714 /* SerieDetailDefaultBuilder.swift */; };
		2D51FF5C1E7C6C97001A4C89 /* TransitionFromFirstToSecond.swift in Sources */ = {isa = PBXBuildFile; fileRef = 2D51FF5B1E7C6C97001A4C89 /* TransitionFromFirstToSecond.swift */; };
		2D51FF5E1E7C75BA001A4C89 /* TransitionFromSecondToFirst.swift in Sources */ = {isa = PBXBuildFile; fileRef = 2D51FF5D1E7C75BA001A4C89 /* TransitionFromSecondToFirst.swift */; };
		2D545B041E351E2C007BAC95 /* AppDelegate.swift in Sources */ = {isa = PBXBuildFile; fileRef = 2D545B031E351E2C007BAC95 /* AppDelegate.swift */; };
		2D545B091E351E2C007BAC95 /* Main.storyboard in Resources */ = {isa = PBXBuildFile; fileRef = 2D545B071E351E2C007BAC95 /* Main.storyboard */; };
		2D545B0B1E351E2C007BAC95 /* Assets.xcassets in Resources */ = {isa = PBXBuildFile; fileRef = 2D545B0A1E351E2C007BAC95 /* Assets.xcassets */; };
		2D545B0E1E351E2C007BAC95 /* LaunchScreen.storyboard in Resources */ = {isa = PBXBuildFile; fileRef = 2D545B0C1E351E2C007BAC95 /* LaunchScreen.storyboard */; };
		2D545B711E3526EA007BAC95 /* Movie.swift in Sources */ = {isa = PBXBuildFile; fileRef = 2D545B701E3526EA007BAC95 /* Movie.swift */; };
		2D545B741E35271A007BAC95 /* MovieCell.swift in Sources */ = {isa = PBXBuildFile; fileRef = 2D545B731E35271A007BAC95 /* MovieCell.swift */; };
		2D545B761E352731007BAC95 /* MovieManaged+Mapping.swift in Sources */ = {isa = PBXBuildFile; fileRef = 2D545B751E352731007BAC95 /* MovieManaged+Mapping.swift */; };
		2D545B781E35274A007BAC95 /* ListViewController.swift in Sources */ = {isa = PBXBuildFile; fileRef = 2D545B771E35274A007BAC95 /* ListViewController.swift */; };
		2D545B7A1E352769007BAC95 /* FavoritesViewController.swift in Sources */ = {isa = PBXBuildFile; fileRef = 2D545B791E352769007BAC95 /* FavoritesViewController.swift */; };
		2D545B7D1E352781007BAC95 /* MovieViewController.swift in Sources */ = {isa = PBXBuildFile; fileRef = 2D545B7C1E352781007BAC95 /* MovieViewController.swift */; };
		2D545B7F1E3527A1007BAC95 /* RemoteNetflixMovieService.swift in Sources */ = {isa = PBXBuildFile; fileRef = 2D545B7E1E3527A1007BAC95 /* RemoteNetflixMovieService.swift */; };
		2D545B811E3527B3007BAC95 /* LocalCoreDataService.swift in Sources */ = {isa = PBXBuildFile; fileRef = 2D545B801E3527B3007BAC95 /* LocalCoreDataService.swift */; };
		2D545B851E3529F7007BAC95 /* NetflixMovie.xcdatamodeld in Sources */ = {isa = PBXBuildFile; fileRef = 2D545B831E3529F7007BAC95 /* NetflixMovie.xcdatamodeld */; };
		2D6E5BED1F09626D00925780 /* SerieDetailView.swift in Sources */ = {isa = PBXBuildFile; fileRef = 2D6E5BEC1F09626D00925780 /* SerieDetailView.swift */; };
		2D6E5BEF1F0962CC00925780 /* SerieDetailPresenter.swift in Sources */ = {isa = PBXBuildFile; fileRef = 2D6E5BEE1F0962CC00925780 /* SerieDetailPresenter.swift */; };
		2D6E5BF31F09631500925780 /* SerieDetaildefaultPresenter.swift in Sources */ = {isa = PBXBuildFile; fileRef = 2D6E5BF21F09631500925780 /* SerieDetaildefaultPresenter.swift */; };
		2D6E5BF51F0965C800925780 /* SerieDetailDefaultViewController.swift in Sources */ = {isa = PBXBuildFile; fileRef = 2D6E5BF41F0965C800925780 /* SerieDetailDefaultViewController.swift */; };
		2D6E5BF71F09666E00925780 /* SerieDetailInteractorManager.swift in Sources */ = {isa = PBXBuildFile; fileRef = 2D6E5BF61F09666E00925780 /* SerieDetailInteractorManager.swift */; };
		2D6E5BFA1F0966B500925780 /* SeriedetailDefaultInteractorManager.swift in Sources */ = {isa = PBXBuildFile; fileRef = 2D6E5BF91F0966B500925780 /* SeriedetailDefaultInteractorManager.swift */; };
		2D6E5BFD1F09689900925780 /* SerieDetailRouter.swift in Sources */ = {isa = PBXBuildFile; fileRef = 2D6E5BFC1F09689900925780 /* SerieDetailRouter.swift */; };
		2D6E5C001F09699F00925780 /* SerieDetailDefaultRouter.swift in Sources */ = {isa = PBXBuildFile; fileRef = 2D6E5BFF1F09699F00925780 /* SerieDetailDefaultRouter.swift */; };
		2D701F561F01880A007115C2 /* SerieListCollectionViewCell.xib in Resources */ = {isa = PBXBuildFile; fileRef = 2D701F551F01880A007115C2 /* SerieListCollectionViewCell.xib */; };
		2D7ABB6F1E3BB1BE00755EC4 /* Kingfisher.framework in Frameworks */ = {isa = PBXBuildFile; fileRef = 2D7ABB521E3BB18000755EC4 /* Kingfisher.framework */; };
		2D808A251F16790F003B43FA /* DetailViewCountries.xib in Resources */ = {isa = PBXBuildFile; fileRef = 2D808A241F16790F003B43FA /* DetailViewCountries.xib */; };
		2D808A4A1F167E28003B43FA /* CountriesDetailDefaultViewController.swift in Sources */ = {isa = PBXBuildFile; fileRef = 2D808A491F167E28003B43FA /* CountriesDetailDefaultViewController.swift */; };
		2D918B2B1E7C3A3600B7F4AD /* RoundButton.swift in Sources */ = {isa = PBXBuildFile; fileRef = 2D918B2A1E7C3A3600B7F4AD /* RoundButton.swift */; };
		2D918B461E7C422B00B7F4AD /* UIColorExtension.swift in Sources */ = {isa = PBXBuildFile; fileRef = 2D918B451E7C422B00B7F4AD /* UIColorExtension.swift */; };
		2DA2BA911ECF3D1200B6ADC4 /* SeriesListView.swift in Sources */ = {isa = PBXBuildFile; fileRef = 2DA2BA901ECF3D1200B6ADC4 /* SeriesListView.swift */; };
		2DA2BAAE1ECF3D7000B6ADC4 /* SeriesListPresenter.swift in Sources */ = {isa = PBXBuildFile; fileRef = 2DA2BAAD1ECF3D7000B6ADC4 /* SeriesListPresenter.swift */; };
		2DA2BAB11ECF3F7E00B6ADC4 /* SeriesListDefaultPresenter.swift in Sources */ = {isa = PBXBuildFile; fileRef = 2DA2BAB01ECF3F7E00B6ADC4 /* SeriesListDefaultPresenter.swift */; };
		2DA2BAB31ECF44EA00B6ADC4 /* SeriesListViewController.swift in Sources */ = {isa = PBXBuildFile; fileRef = 2DA2BAB21ECF44EA00B6ADC4 /* SeriesListViewController.swift */; };
		2DA2BAB51ECF455700B6ADC4 /* SeriesListRouter.swift in Sources */ = {isa = PBXBuildFile; fileRef = 2DA2BAB41ECF455700B6ADC4 /* SeriesListRouter.swift */; };
		2DA2BAB81ECF461900B6ADC4 /* SerieListDefaultRouter.swift in Sources */ = {isa = PBXBuildFile; fileRef = 2DA2BAB71ECF461900B6ADC4 /* SerieListDefaultRouter.swift */; };
		2DA2BABA1ECF47C700B6ADC4 /* SeriesListInteractorManager.swift in Sources */ = {isa = PBXBuildFile; fileRef = 2DA2BAB91ECF47C700B6ADC4 /* SeriesListInteractorManager.swift */; };
		2DA2BABD1ECF48DA00B6ADC4 /* SeriesListDefaultInteractorManager.swift in Sources */ = {isa = PBXBuildFile; fileRef = 2DA2BABC1ECF48DA00B6ADC4 /* SeriesListDefaultInteractorManager.swift */; };
		2DA2BAC11ECF5DBC00B6ADC4 /* MoviesListView.xib in Resources */ = {isa = PBXBuildFile; fileRef = 2DA2BAC01ECF5DBC00B6ADC4 /* MoviesListView.xib */; };
		2DB7B7671ED9D5B5006DA9C0 /* MainViewController.swift in Sources */ = {isa = PBXBuildFile; fileRef = 2DB7B7661ED9D5B5006DA9C0 /* MainViewController.swift */; };
		2DB7B76D1ED9DD73006DA9C0 /* SeriesListView.xib in Resources */ = {isa = PBXBuildFile; fileRef = 2DB7B76C1ED9DD73006DA9C0 /* SeriesListView.xib */; };
		2DB7B7701ED9EBBA006DA9C0 /* Constants.swift in Sources */ = {isa = PBXBuildFile; fileRef = 2DB7B76F1ED9EBBA006DA9C0 /* Constants.swift */; };
		2DC25ED71ECCD38700940EDF /* Container.swift in Sources */ = {isa = PBXBuildFile; fileRef = 2DC25ED61ECCD38700940EDF /* Container.swift */; };
		2DC25EDA1ECCD3FE00940EDF /* SeriesListBuilder.swift in Sources */ = {isa = PBXBuildFile; fileRef = 2DC25ED91ECCD3FE00940EDF /* SeriesListBuilder.swift */; };
		2DC25EDC1ECCD40B00940EDF /* SeriesListDefaultBuilder.swift in Sources */ = {isa = PBXBuildFile; fileRef = 2DC25EDB1ECCD40B00940EDF /* SeriesListDefaultBuilder.swift */; };
		2DD94EC01F0EB25300F44A45 /* SerieDetailDefaultViewController.xib in Resources */ = {isa = PBXBuildFile; fileRef = 2DD94EBF1F0EB25300F44A45 /* SerieDetailDefaultViewController.xib */; };
		2DEAC1911F057C9B00F3E72B /* CustomViewLayOut.swift in Sources */ = {isa = PBXBuildFile; fileRef = 2DEAC1901F057C9B00F3E72B /* CustomViewLayOut.swift */; };
		2DFD2E321E6F4E860012D3B2 /* StrimgExtension.swift in Sources */ = {isa = PBXBuildFile; fileRef = 2DFD2E311E6F4E860012D3B2 /* StrimgExtension.swift */; };
/* End PBXBuildFile section */

/* Begin PBXContainerItemProxy section */
		2D4D0CB51E368950005E569E /* PBXContainerItemProxy */ = {
			isa = PBXContainerItemProxy;
			containerPortal = 2D4D0CAA1E36894F005E569E /* Alamofire.xcodeproj */;
			proxyType = 2;
			remoteGlobalIDString = F8111E3319A95C8B0040E7D1;
			remoteInfo = "Alamofire iOS";
		};
		2D4D0CB71E368950005E569E /* PBXContainerItemProxy */ = {
			isa = PBXContainerItemProxy;
			containerPortal = 2D4D0CAA1E36894F005E569E /* Alamofire.xcodeproj */;
			proxyType = 2;
			remoteGlobalIDString = F8111E3E19A95C8B0040E7D1;
			remoteInfo = "Alamofire iOS Tests";
		};
		2D4D0CB91E368950005E569E /* PBXContainerItemProxy */ = {
			isa = PBXContainerItemProxy;
			containerPortal = 2D4D0CAA1E36894F005E569E /* Alamofire.xcodeproj */;
			proxyType = 2;
			remoteGlobalIDString = 4DD67C0B1A5C55C900ED2280;
			remoteInfo = "Alamofire macOS";
		};
		2D4D0CBB1E368950005E569E /* PBXContainerItemProxy */ = {
			isa = PBXContainerItemProxy;
			containerPortal = 2D4D0CAA1E36894F005E569E /* Alamofire.xcodeproj */;
			proxyType = 2;
			remoteGlobalIDString = F829C6B21A7A94F100A2CD59;
			remoteInfo = "Alamofire macOS Tests";
		};
		2D4D0CBD1E368950005E569E /* PBXContainerItemProxy */ = {
			isa = PBXContainerItemProxy;
			containerPortal = 2D4D0CAA1E36894F005E569E /* Alamofire.xcodeproj */;
			proxyType = 2;
			remoteGlobalIDString = 4CF626EF1BA7CB3E0011A099;
			remoteInfo = "Alamofire tvOS";
		};
		2D4D0CBF1E368950005E569E /* PBXContainerItemProxy */ = {
			isa = PBXContainerItemProxy;
			containerPortal = 2D4D0CAA1E36894F005E569E /* Alamofire.xcodeproj */;
			proxyType = 2;
			remoteGlobalIDString = 4CF626F81BA7CB3E0011A099;
			remoteInfo = "Alamofire tvOS Tests";
		};
		2D4D0CC11E368950005E569E /* PBXContainerItemProxy */ = {
			isa = PBXContainerItemProxy;
			containerPortal = 2D4D0CAA1E36894F005E569E /* Alamofire.xcodeproj */;
			proxyType = 2;
			remoteGlobalIDString = E4202FE01B667AA100C997FB;
			remoteInfo = "Alamofire watchOS";
		};
		2D4D0CC51E3689C1005E569E /* PBXContainerItemProxy */ = {
			isa = PBXContainerItemProxy;
			containerPortal = 2D4D0CAA1E36894F005E569E /* Alamofire.xcodeproj */;
			proxyType = 1;
			remoteGlobalIDString = F8111E3219A95C8B0040E7D1;
			remoteInfo = "Alamofire iOS";
		};
		2D4D0CD31E368BE7005E569E /* PBXContainerItemProxy */ = {
			isa = PBXContainerItemProxy;
			containerPortal = 2D4D0CC91E368BE7005E569E /* SwiftyJSON.xcodeproj */;
			proxyType = 2;
			remoteGlobalIDString = 2E4FEFDB19575BE100351305;
			remoteInfo = "SwiftyJSON iOS";
		};
		2D4D0CD51E368BE7005E569E /* PBXContainerItemProxy */ = {
			isa = PBXContainerItemProxy;
			containerPortal = 2D4D0CC91E368BE7005E569E /* SwiftyJSON.xcodeproj */;
			proxyType = 2;
			remoteGlobalIDString = 2E4FEFE619575BE100351305;
			remoteInfo = "SwiftyJSON iOS Tests";
		};
		2D4D0CD71E368BE7005E569E /* PBXContainerItemProxy */ = {
			isa = PBXContainerItemProxy;
			containerPortal = 2D4D0CC91E368BE7005E569E /* SwiftyJSON.xcodeproj */;
			proxyType = 2;
			remoteGlobalIDString = 9C7DFC5B1A9102BD005AA3F7;
			remoteInfo = "SwiftyJSON OSX";
		};
		2D4D0CD91E368BE7005E569E /* PBXContainerItemProxy */ = {
			isa = PBXContainerItemProxy;
			containerPortal = 2D4D0CC91E368BE7005E569E /* SwiftyJSON.xcodeproj */;
			proxyType = 2;
			remoteGlobalIDString = 9C7DFC651A9102BD005AA3F7;
			remoteInfo = "SwiftyJSON OSX Tests";
		};
		2D4D0CDB1E368BE7005E569E /* PBXContainerItemProxy */ = {
			isa = PBXContainerItemProxy;
			containerPortal = 2D4D0CC91E368BE7005E569E /* SwiftyJSON.xcodeproj */;
			proxyType = 2;
			remoteGlobalIDString = E4D7CCE81B9465A700EE7221;
			remoteInfo = "SwiftyJSON watchOS";
		};
		2D4D0CDD1E368BE7005E569E /* PBXContainerItemProxy */ = {
			isa = PBXContainerItemProxy;
			containerPortal = 2D4D0CC91E368BE7005E569E /* SwiftyJSON.xcodeproj */;
			proxyType = 2;
			remoteGlobalIDString = 7236B4F61BAC14150020529B;
			remoteInfo = "SwiftyJSON tvOS";
		};
		2D4D0CDF1E368BE7005E569E /* PBXContainerItemProxy */ = {
			isa = PBXContainerItemProxy;
			containerPortal = 2D4D0CC91E368BE7005E569E /* SwiftyJSON.xcodeproj */;
			proxyType = 2;
			remoteGlobalIDString = A8580F741BCF5C5B00DA927B;
			remoteInfo = "SwiftyJSON tvOS Tests";
		};
		2D4D0CE31E368BF9005E569E /* PBXContainerItemProxy */ = {
			isa = PBXContainerItemProxy;
			containerPortal = 2D4D0CC91E368BE7005E569E /* SwiftyJSON.xcodeproj */;
			proxyType = 1;
			remoteGlobalIDString = 2E4FEFDA19575BE100351305;
			remoteInfo = "SwiftyJSON iOS";
		};
		2D7ABB511E3BB18000755EC4 /* PBXContainerItemProxy */ = {
			isa = PBXContainerItemProxy;
			containerPortal = 2D7ABB3B1E3BB18000755EC4 /* Kingfisher.xcodeproj */;
			proxyType = 2;
			remoteGlobalIDString = D1ED2D351AD2D09F00CFC3EB;
			remoteInfo = "Kingfisher-iOS";
		};
		2D7ABB531E3BB18000755EC4 /* PBXContainerItemProxy */ = {
			isa = PBXContainerItemProxy;
			containerPortal = 2D7ABB3B1E3BB18000755EC4 /* Kingfisher.xcodeproj */;
			proxyType = 2;
			remoteGlobalIDString = D13F49D61BEDA67C00CE335D;
			remoteInfo = "Kingfisher-tvOS";
		};
		2D7ABB551E3BB18000755EC4 /* PBXContainerItemProxy */ = {
			isa = PBXContainerItemProxy;
			containerPortal = 2D7ABB3B1E3BB18000755EC4 /* Kingfisher.xcodeproj */;
			proxyType = 2;
			remoteGlobalIDString = 4B2944481C3D01B20088C3E7;
			remoteInfo = "Kingfisher-macOS";
		};
		2D7ABB571E3BB18000755EC4 /* PBXContainerItemProxy */ = {
			isa = PBXContainerItemProxy;
			containerPortal = 2D7ABB3B1E3BB18000755EC4 /* Kingfisher.xcodeproj */;
			proxyType = 2;
			remoteGlobalIDString = D16799EB1C4E74460020FD12;
			remoteInfo = "Kingfisher-watchOS";
		};
		2D7ABB591E3BB18000755EC4 /* PBXContainerItemProxy */ = {
			isa = PBXContainerItemProxy;
			containerPortal = 2D7ABB3B1E3BB18000755EC4 /* Kingfisher.xcodeproj */;
			proxyType = 2;
			remoteGlobalIDString = D1ED2D0B1AD2CFA600CFC3EB;
			remoteInfo = "Kingfisher-Demo";
		};
		2D7ABB5B1E3BB18000755EC4 /* PBXContainerItemProxy */ = {
			isa = PBXContainerItemProxy;
			containerPortal = 2D7ABB3B1E3BB18000755EC4 /* Kingfisher.xcodeproj */;
			proxyType = 2;
			remoteGlobalIDString = D13F49C21BEDA53F00CE335D;
			remoteInfo = "Kingfisher-tvOS-Demo";
		};
		2D7ABB5D1E3BB18000755EC4 /* PBXContainerItemProxy */ = {
			isa = PBXContainerItemProxy;
			containerPortal = 2D7ABB3B1E3BB18000755EC4 /* Kingfisher.xcodeproj */;
			proxyType = 2;
			remoteGlobalIDString = 4B2944551C3D03880088C3E7;
			remoteInfo = "Kingfisher-macOS-Demo";
		};
		2D7ABB5F1E3BB18000755EC4 /* PBXContainerItemProxy */ = {
			isa = PBXContainerItemProxy;
			containerPortal = 2D7ABB3B1E3BB18000755EC4 /* Kingfisher.xcodeproj */;
			proxyType = 2;
			remoteGlobalIDString = D1679A391C4E78B20020FD12;
			remoteInfo = "Kingfisher-watchOS-Demo";
		};
		2D7ABB611E3BB18000755EC4 /* PBXContainerItemProxy */ = {
			isa = PBXContainerItemProxy;
			containerPortal = 2D7ABB3B1E3BB18000755EC4 /* Kingfisher.xcodeproj */;
			proxyType = 2;
			remoteGlobalIDString = D1679A451C4E78B20020FD12;
			remoteInfo = "Kingfisher-watchOS-Demo Extension";
		};
		2D7ABB631E3BB18000755EC4 /* PBXContainerItemProxy */ = {
			isa = PBXContainerItemProxy;
			containerPortal = 2D7ABB3B1E3BB18000755EC4 /* Kingfisher.xcodeproj */;
			proxyType = 2;
			remoteGlobalIDString = D1ED2D3F1AD2D09F00CFC3EB;
			remoteInfo = KingfisherTests;
		};
		2D7ABB651E3BB18000755EC4 /* PBXContainerItemProxy */ = {
			isa = PBXContainerItemProxy;
			containerPortal = 2D7ABB3B1E3BB18000755EC4 /* Kingfisher.xcodeproj */;
			proxyType = 2;
			remoteGlobalIDString = 4B37667F1C478F940001443F;
			remoteInfo = "KingfisherTests-tvOS";
		};
		2D7ABB671E3BB18000755EC4 /* PBXContainerItemProxy */ = {
			isa = PBXContainerItemProxy;
			containerPortal = 2D7ABB3B1E3BB18000755EC4 /* Kingfisher.xcodeproj */;
			proxyType = 2;
			remoteGlobalIDString = D10EC2311C3D632300A4211C;
			remoteInfo = "KingfisherTests-macOS";
		};
/* End PBXContainerItemProxy section */

/* Begin PBXCopyFilesBuildPhase section */
		2D545B6D1E352143007BAC95 /* Copy Frameworks */ = {
			isa = PBXCopyFilesBuildPhase;
			buildActionMask = 2147483647;
			dstPath = "";
			dstSubfolderSpec = 10;
			files = (
				2D4929ED1E7DBC3F00CB9F96 /* Kingfisher.framework in Copy Frameworks */,
				2D4D0CE21E368BF9005E569E /* SwiftyJSON.framework in Copy Frameworks */,
				2D4D0CC41E3689C1005E569E /* Alamofire.framework in Copy Frameworks */,
			);
			name = "Copy Frameworks";
			runOnlyForDeploymentPostprocessing = 0;
		};
/* End PBXCopyFilesBuildPhase section */

/* Begin PBXFileReference section */
		293990353A105988AFDE71BF /* Pods-ShowmeSomeNetflix.debug.xcconfig */ = {isa = PBXFileReference; includeInIndex = 1; lastKnownFileType = text.xcconfig; name = "Pods-ShowmeSomeNetflix.debug.xcconfig"; path = "Pods/Target Support Files/Pods-ShowmeSomeNetflix/Pods-ShowmeSomeNetflix.debug.xcconfig"; sourceTree = "<group>"; };
		2D039E581E367BF8006B62DA /* CoreDataStack.swift */ = {isa = PBXFileReference; fileEncoding = 4; lastKnownFileType = sourcecode.swift; path = CoreDataStack.swift; sourceTree = "<group>"; };
		2D254D6D1E6C7462001407A6 /* CountriesVC.swift */ = {isa = PBXFileReference; fileEncoding = 4; lastKnownFileType = sourcecode.swift; path = CountriesVC.swift; sourceTree = "<group>"; };
		2D2CF1161E915DBE00CDE89D /* SearchBarExtension.swift */ = {isa = PBXFileReference; fileEncoding = 4; lastKnownFileType = sourcecode.swift; path = SearchBarExtension.swift; sourceTree = "<group>"; };
		2D2CF1311E9161BB00CDE89D /* UIImageExtension.swift */ = {isa = PBXFileReference; fileEncoding = 4; lastKnownFileType = sourcecode.swift; path = UIImageExtension.swift; sourceTree = "<group>"; };
		2D4929FB1E7DBD7D00CB9F96 /* MoviesViewController.swift */ = {isa = PBXFileReference; fileEncoding = 4; lastKnownFileType = sourcecode.swift; path = MoviesViewController.swift; sourceTree = "<group>"; };
		2D4929FE1E7DC0BE00CB9F96 /* TransitionFroMoviesToSelected.swift */ = {isa = PBXFileReference; fileEncoding = 4; lastKnownFileType = sourcecode.swift; path = TransitionFroMoviesToSelected.swift; sourceTree = "<group>"; };
		2D492A001E7DC10100CB9F96 /* TransitionFromSelectedMovieToMovies.swift */ = {isa = PBXFileReference; fileEncoding = 4; lastKnownFileType = sourcecode.swift; path = TransitionFromSelectedMovieToMovies.swift; sourceTree = "<group>"; };
		2D4C89511E43B43E001BE6A1 /* DataExtension.swift */ = {isa = PBXFileReference; fileEncoding = 4; lastKnownFileType = sourcecode.swift; path = DataExtension.swift; sourceTree = "<group>"; };
		2D4D0CAA1E36894F005E569E /* Alamofire.xcodeproj */ = {isa = PBXFileReference; lastKnownFileType = "wrapper.pb-project"; name = Alamofire.xcodeproj; path = Alamofire/Alamofire.xcodeproj; sourceTree = SOURCE_ROOT; };
		2D4D0CC91E368BE7005E569E /* SwiftyJSON.xcodeproj */ = {isa = PBXFileReference; lastKnownFileType = "wrapper.pb-project"; name = SwiftyJSON.xcodeproj; path = "../../../../michelgoni/Downloads/SwiftyJSON-master/SwiftyJSON.xcodeproj"; sourceTree = "<group>"; };
		2D4F14FD1F0913A800D66714 /* SerieDetailBuilder.swift */ = {isa = PBXFileReference; fileEncoding = 4; lastKnownFileType = sourcecode.swift; path = SerieDetailBuilder.swift; sourceTree = "<group>"; };
		2D4F14FF1F0914FB00D66714 /* SerieDetailDefaultBuilder.swift */ = {isa = PBXFileReference; fileEncoding = 4; lastKnownFileType = sourcecode.swift; path = SerieDetailDefaultBuilder.swift; sourceTree = "<group>"; };
		2D51FF5B1E7C6C97001A4C89 /* TransitionFromFirstToSecond.swift */ = {isa = PBXFileReference; fileEncoding = 4; lastKnownFileType = sourcecode.swift; path = TransitionFromFirstToSecond.swift; sourceTree = "<group>"; };
		2D51FF5D1E7C75BA001A4C89 /* TransitionFromSecondToFirst.swift */ = {isa = PBXFileReference; fileEncoding = 4; lastKnownFileType = sourcecode.swift; path = TransitionFromSecondToFirst.swift; sourceTree = "<group>"; };
		2D545B001E351E2C007BAC95 /* ShowmeSomeNetflix.app */ = {isa = PBXFileReference; explicitFileType = wrapper.application; includeInIndex = 0; path = ShowmeSomeNetflix.app; sourceTree = BUILT_PRODUCTS_DIR; };
		2D545B031E351E2C007BAC95 /* AppDelegate.swift */ = {isa = PBXFileReference; lastKnownFileType = sourcecode.swift; path = AppDelegate.swift; sourceTree = "<group>"; };
		2D545B081E351E2C007BAC95 /* Base */ = {isa = PBXFileReference; lastKnownFileType = file.storyboard; name = Base; path = Base.lproj/Main.storyboard; sourceTree = "<group>"; };
		2D545B0A1E351E2C007BAC95 /* Assets.xcassets */ = {isa = PBXFileReference; lastKnownFileType = folder.assetcatalog; path = Assets.xcassets; sourceTree = "<group>"; };
		2D545B0D1E351E2C007BAC95 /* Base */ = {isa = PBXFileReference; lastKnownFileType = file.storyboard; name = Base; path = Base.lproj/LaunchScreen.storyboard; sourceTree = "<group>"; };
		2D545B0F1E351E2C007BAC95 /* Info.plist */ = {isa = PBXFileReference; lastKnownFileType = text.plist.xml; path = Info.plist; sourceTree = "<group>"; };
		2D545B701E3526EA007BAC95 /* Movie.swift */ = {isa = PBXFileReference; fileEncoding = 4; lastKnownFileType = sourcecode.swift; path = Movie.swift; sourceTree = "<group>"; };
		2D545B731E35271A007BAC95 /* MovieCell.swift */ = {isa = PBXFileReference; fileEncoding = 4; lastKnownFileType = sourcecode.swift; path = MovieCell.swift; sourceTree = "<group>"; };
		2D545B751E352731007BAC95 /* MovieManaged+Mapping.swift */ = {isa = PBXFileReference; fileEncoding = 4; lastKnownFileType = sourcecode.swift; path = "MovieManaged+Mapping.swift"; sourceTree = "<group>"; };
		2D545B771E35274A007BAC95 /* ListViewController.swift */ = {isa = PBXFileReference; fileEncoding = 4; lastKnownFileType = sourcecode.swift; path = ListViewController.swift; sourceTree = "<group>"; };
		2D545B791E352769007BAC95 /* FavoritesViewController.swift */ = {isa = PBXFileReference; fileEncoding = 4; lastKnownFileType = sourcecode.swift; path = FavoritesViewController.swift; sourceTree = "<group>"; };
		2D545B7C1E352781007BAC95 /* MovieViewController.swift */ = {isa = PBXFileReference; fileEncoding = 4; lastKnownFileType = sourcecode.swift; path = MovieViewController.swift; sourceTree = "<group>"; };
		2D545B7E1E3527A1007BAC95 /* RemoteNetflixMovieService.swift */ = {isa = PBXFileReference; fileEncoding = 4; lastKnownFileType = sourcecode.swift; path = RemoteNetflixMovieService.swift; sourceTree = "<group>"; };
		2D545B801E3527B3007BAC95 /* LocalCoreDataService.swift */ = {isa = PBXFileReference; fileEncoding = 4; lastKnownFileType = sourcecode.swift; path = LocalCoreDataService.swift; sourceTree = "<group>"; };
		2D545B841E3529F7007BAC95 /* NetflixMovie.xcdatamodel */ = {isa = PBXFileReference; lastKnownFileType = wrapper.xcdatamodel; path = NetflixMovie.xcdatamodel; sourceTree = "<group>"; };
		2D6E5BEC1F09626D00925780 /* SerieDetailView.swift */ = {isa = PBXFileReference; fileEncoding = 4; lastKnownFileType = sourcecode.swift; path = SerieDetailView.swift; sourceTree = "<group>"; };
		2D6E5BEE1F0962CC00925780 /* SerieDetailPresenter.swift */ = {isa = PBXFileReference; fileEncoding = 4; lastKnownFileType = sourcecode.swift; path = SerieDetailPresenter.swift; sourceTree = "<group>"; };
		2D6E5BF21F09631500925780 /* SerieDetaildefaultPresenter.swift */ = {isa = PBXFileReference; fileEncoding = 4; lastKnownFileType = sourcecode.swift; path = SerieDetaildefaultPresenter.swift; sourceTree = "<group>"; };
		2D6E5BF41F0965C800925780 /* SerieDetailDefaultViewController.swift */ = {isa = PBXFileReference; fileEncoding = 4; lastKnownFileType = sourcecode.swift; path = SerieDetailDefaultViewController.swift; sourceTree = "<group>"; };
		2D6E5BF61F09666E00925780 /* SerieDetailInteractorManager.swift */ = {isa = PBXFileReference; fileEncoding = 4; lastKnownFileType = sourcecode.swift; path = SerieDetailInteractorManager.swift; sourceTree = "<group>"; };
		2D6E5BF91F0966B500925780 /* SeriedetailDefaultInteractorManager.swift */ = {isa = PBXFileReference; fileEncoding = 4; lastKnownFileType = sourcecode.swift; path = SeriedetailDefaultInteractorManager.swift; sourceTree = "<group>"; };
		2D6E5BFC1F09689900925780 /* SerieDetailRouter.swift */ = {isa = PBXFileReference; fileEncoding = 4; lastKnownFileType = sourcecode.swift; path = SerieDetailRouter.swift; sourceTree = "<group>"; };
		2D6E5BFF1F09699F00925780 /* SerieDetailDefaultRouter.swift */ = {isa = PBXFileReference; fileEncoding = 4; lastKnownFileType = sourcecode.swift; path = SerieDetailDefaultRouter.swift; sourceTree = "<group>"; };
		2D701F551F01880A007115C2 /* SerieListCollectionViewCell.xib */ = {isa = PBXFileReference; fileEncoding = 4; lastKnownFileType = file.xib; path = SerieListCollectionViewCell.xib; sourceTree = "<group>"; };
		2D7ABB3B1E3BB18000755EC4 /* Kingfisher.xcodeproj */ = {isa = PBXFileReference; lastKnownFileType = "wrapper.pb-project"; name = Kingfisher.xcodeproj; path = Kingfisher/Kingfisher.xcodeproj; sourceTree = SOURCE_ROOT; };
		2D808A241F16790F003B43FA /* DetailViewCountries.xib */ = {isa = PBXFileReference; fileEncoding = 4; lastKnownFileType = file.xib; path = DetailViewCountries.xib; sourceTree = "<group>"; };
		2D808A491F167E28003B43FA /* CountriesDetailDefaultViewController.swift */ = {isa = PBXFileReference; fileEncoding = 4; lastKnownFileType = sourcecode.swift; path = CountriesDetailDefaultViewController.swift; sourceTree = "<group>"; };
		2D918B2A1E7C3A3600B7F4AD /* RoundButton.swift */ = {isa = PBXFileReference; fileEncoding = 4; lastKnownFileType = sourcecode.swift; path = RoundButton.swift; sourceTree = "<group>"; };
		2D918B451E7C422B00B7F4AD /* UIColorExtension.swift */ = {isa = PBXFileReference; fileEncoding = 4; lastKnownFileType = sourcecode.swift; path = UIColorExtension.swift; sourceTree = "<group>"; };
		2DA2BA901ECF3D1200B6ADC4 /* SeriesListView.swift */ = {isa = PBXFileReference; fileEncoding = 4; lastKnownFileType = sourcecode.swift; path = SeriesListView.swift; sourceTree = "<group>"; };
		2DA2BAAD1ECF3D7000B6ADC4 /* SeriesListPresenter.swift */ = {isa = PBXFileReference; fileEncoding = 4; lastKnownFileType = sourcecode.swift; path = SeriesListPresenter.swift; sourceTree = "<group>"; };
		2DA2BAB01ECF3F7E00B6ADC4 /* SeriesListDefaultPresenter.swift */ = {isa = PBXFileReference; fileEncoding = 4; lastKnownFileType = sourcecode.swift; path = SeriesListDefaultPresenter.swift; sourceTree = "<group>"; };
		2DA2BAB21ECF44EA00B6ADC4 /* SeriesListViewController.swift */ = {isa = PBXFileReference; fileEncoding = 4; lastKnownFileType = sourcecode.swift; path = SeriesListViewController.swift; sourceTree = "<group>"; };
		2DA2BAB41ECF455700B6ADC4 /* SeriesListRouter.swift */ = {isa = PBXFileReference; fileEncoding = 4; lastKnownFileType = sourcecode.swift; path = SeriesListRouter.swift; sourceTree = "<group>"; };
		2DA2BAB71ECF461900B6ADC4 /* SerieListDefaultRouter.swift */ = {isa = PBXFileReference; fileEncoding = 4; lastKnownFileType = sourcecode.swift; path = SerieListDefaultRouter.swift; sourceTree = "<group>"; };
		2DA2BAB91ECF47C700B6ADC4 /* SeriesListInteractorManager.swift */ = {isa = PBXFileReference; fileEncoding = 4; lastKnownFileType = sourcecode.swift; path = SeriesListInteractorManager.swift; sourceTree = "<group>"; };
		2DA2BABC1ECF48DA00B6ADC4 /* SeriesListDefaultInteractorManager.swift */ = {isa = PBXFileReference; fileEncoding = 4; lastKnownFileType = sourcecode.swift; path = SeriesListDefaultInteractorManager.swift; sourceTree = "<group>"; };
		2DA2BAC01ECF5DBC00B6ADC4 /* MoviesListView.xib */ = {isa = PBXFileReference; fileEncoding = 4; lastKnownFileType = file.xib; path = MoviesListView.xib; sourceTree = "<group>"; };
		2DB7B7661ED9D5B5006DA9C0 /* MainViewController.swift */ = {isa = PBXFileReference; fileEncoding = 4; lastKnownFileType = sourcecode.swift; path = MainViewController.swift; sourceTree = "<group>"; };
		2DB7B76C1ED9DD73006DA9C0 /* SeriesListView.xib */ = {isa = PBXFileReference; fileEncoding = 4; lastKnownFileType = file.xib; path = SeriesListView.xib; sourceTree = "<group>"; };
		2DB7B76F1ED9EBBA006DA9C0 /* Constants.swift */ = {isa = PBXFileReference; fileEncoding = 4; lastKnownFileType = sourcecode.swift; path = Constants.swift; sourceTree = "<group>"; };
		2DC25ED61ECCD38700940EDF /* Container.swift */ = {isa = PBXFileReference; fileEncoding = 4; lastKnownFileType = sourcecode.swift; path = Container.swift; sourceTree = "<group>"; };
		2DC25ED91ECCD3FE00940EDF /* SeriesListBuilder.swift */ = {isa = PBXFileReference; fileEncoding = 4; lastKnownFileType = sourcecode.swift; path = SeriesListBuilder.swift; sourceTree = "<group>"; };
		2DC25EDB1ECCD40B00940EDF /* SeriesListDefaultBuilder.swift */ = {isa = PBXFileReference; fileEncoding = 4; lastKnownFileType = sourcecode.swift; path = SeriesListDefaultBuilder.swift; sourceTree = "<group>"; };
		2DD94EBF1F0EB25300F44A45 /* SerieDetailDefaultViewController.xib */ = {isa = PBXFileReference; fileEncoding = 4; lastKnownFileType = file.xib; path = SerieDetailDefaultViewController.xib; sourceTree = "<group>"; };
		2DEAC1901F057C9B00F3E72B /* CustomViewLayOut.swift */ = {isa = PBXFileReference; fileEncoding = 4; lastKnownFileType = sourcecode.swift; path = CustomViewLayOut.swift; sourceTree = "<group>"; };
		2DFD2E311E6F4E860012D3B2 /* StrimgExtension.swift */ = {isa = PBXFileReference; fileEncoding = 4; lastKnownFileType = sourcecode.swift; path = StrimgExtension.swift; sourceTree = "<group>"; };
		4BD3D158C78EC2CBADE719FA /* Pods_ShowmeSomeNetflix.framework */ = {isa = PBXFileReference; explicitFileType = wrapper.framework; includeInIndex = 0; path = Pods_ShowmeSomeNetflix.framework; sourceTree = BUILT_PRODUCTS_DIR; };
		6CBA3D1216A44FE8B97874B8 /* Pods-ShowmeSomeNetflix.release.xcconfig */ = {isa = PBXFileReference; includeInIndex = 1; lastKnownFileType = text.xcconfig; name = "Pods-ShowmeSomeNetflix.release.xcconfig"; path = "Pods/Target Support Files/Pods-ShowmeSomeNetflix/Pods-ShowmeSomeNetflix.release.xcconfig"; sourceTree = "<group>"; };
/* End PBXFileReference section */

/* Begin PBXFrameworksBuildPhase section */
		2D545AFD1E351E2C007BAC95 /* Frameworks */ = {
			isa = PBXFrameworksBuildPhase;
			buildActionMask = 2147483647;
			files = (
				2D7ABB6F1E3BB1BE00755EC4 /* Kingfisher.framework in Frameworks */,
				2D4D0CE11E368BF9005E569E /* SwiftyJSON.framework in Frameworks */,
				2D4D0CC31E3689C1005E569E /* Alamofire.framework in Frameworks */,
				262910260079E5BB37C88A86 /* Pods_ShowmeSomeNetflix.framework in Frameworks */,
			);
			runOnlyForDeploymentPostprocessing = 0;
		};
/* End PBXFrameworksBuildPhase section */

/* Begin PBXGroup section */
		2D15EC611E3BAA4E00E6586B /* View */ = {
			isa = PBXGroup;
			children = (
				2D918B2A1E7C3A3600B7F4AD /* RoundButton.swift */,
				2D545B731E35271A007BAC95 /* MovieCell.swift */,
				2D545B0A1E351E2C007BAC95 /* Assets.xcassets */,
				2D545B071E351E2C007BAC95 /* Main.storyboard */,
				2D545B0C1E351E2C007BAC95 /* LaunchScreen.storyboard */,
				2D4929FD1E7DC08A00CB9F96 /* Animators */,
			);
			name = View;
			sourceTree = "<group>";
		};
		2D4929FD1E7DC08A00CB9F96 /* Animators */ = {
			isa = PBXGroup;
			children = (
				2D51FF5B1E7C6C97001A4C89 /* TransitionFromFirstToSecond.swift */,
				2D51FF5D1E7C75BA001A4C89 /* TransitionFromSecondToFirst.swift */,
				2D4929FE1E7DC0BE00CB9F96 /* TransitionFroMoviesToSelected.swift */,
				2D492A001E7DC10100CB9F96 /* TransitionFromSelectedMovieToMovies.swift */,
			);
			name = Animators;
			sourceTree = "<group>";
		};
		2D4D0CAB1E36894F005E569E /* Products */ = {
			isa = PBXGroup;
			children = (
				2D4D0CB61E368950005E569E /* Alamofire.framework */,
				2D4D0CB81E368950005E569E /* Alamofire iOS Tests.xctest */,
				2D4D0CBA1E368950005E569E /* Alamofire.framework */,
				2D4D0CBC1E368950005E569E /* Alamofire macOS Tests.xctest */,
				2D4D0CBE1E368950005E569E /* Alamofire.framework */,
				2D4D0CC01E368950005E569E /* Alamofire tvOS Tests.xctest */,
				2D4D0CC21E368950005E569E /* Alamofire.framework */,
			);
			name = Products;
			sourceTree = "<group>";
		};
		2D4D0CCA1E368BE7005E569E /* Products */ = {
			isa = PBXGroup;
			children = (
				2D4D0CD41E368BE7005E569E /* SwiftyJSON.framework */,
				2D4D0CD61E368BE7005E569E /* SwiftyJSON iOS Tests.xctest */,
				2D4D0CD81E368BE7005E569E /* SwiftyJSON.framework */,
				2D4D0CDA1E368BE7005E569E /* SwiftyJSON OSX Tests.xctest */,
				2D4D0CDC1E368BE7005E569E /* SwiftyJSON.framework */,
				2D4D0CDE1E368BE7005E569E /* SwiftyJSON.framework */,
				2D4D0CE01E368BE7005E569E /* SwiftyJSON tvOS Tests.xctest */,
			);
			name = Products;
			sourceTree = "<group>";
		};
		2D4D0CE51E368C36005E569E /* Dependencies */ = {
			isa = PBXGroup;
			children = (
				2D7ABB3B1E3BB18000755EC4 /* Kingfisher.xcodeproj */,
				2D4D0CC91E368BE7005E569E /* SwiftyJSON.xcodeproj */,
				2D4D0CAA1E36894F005E569E /* Alamofire.xcodeproj */,
			);
			name = Dependencies;
			sourceTree = "<group>";
		};
		2D4F14E31F09135700D66714 /* SerieDetail */ = {
			isa = PBXGroup;
			children = (
				2D6E5BD21F09624D00925780 /* SerieDetailBuilder */,
				2D6E5BFB1F0966F000925780 /* Core */,
				2D6E5BFE1F0968B800925780 /* Router */,
			);
			name = SerieDetail;
			sourceTree = "<group>";
		};
		2D545AF71E351E2C007BAC95 = {
			isa = PBXGroup;
			children = (
				2D545B021E351E2C007BAC95 /* ShowmeSomeNetflix */,
				2D545B011E351E2C007BAC95 /* Products */,
				3E0EFDDFEA8F24E37A8598A5 /* Frameworks */,
				D19B32A02EAF69589C618900 /* Pods */,
			);
			sourceTree = "<group>";
		};
		2D545B011E351E2C007BAC95 /* Products */ = {
			isa = PBXGroup;
			children = (
				2D545B001E351E2C007BAC95 /* ShowmeSomeNetflix.app */,
			);
			name = Products;
			sourceTree = "<group>";
		};
		2D545B021E351E2C007BAC95 /* ShowmeSomeNetflix */ = {
			isa = PBXGroup;
			children = (
				2DB7B76E1ED9EBA5006DA9C0 /* Constant */,
				2DC25ED31ECCD16200940EDF /* Modules */,
				2DC5B08D1E72F5300070AF3D /* Extensions */,
				2D4D0CE51E368C36005E569E /* Dependencies */,
				2D15EC611E3BAA4E00E6586B /* View */,
				2D545B0F1E351E2C007BAC95 /* Info.plist */,
				2D545B7B1E35276D007BAC95 /* Controller */,
				2D545B821E3527D6007BAC95 /* Service */,
			);
			path = ShowmeSomeNetflix;
			sourceTree = "<group>";
		};
		2D545B721E3526FD007BAC95 /* Model */ = {
			isa = PBXGroup;
			children = (
				2D545B701E3526EA007BAC95 /* Movie.swift */,
				2D545B751E352731007BAC95 /* MovieManaged+Mapping.swift */,
				2D545B831E3529F7007BAC95 /* NetflixMovie.xcdatamodeld */,
			);
			name = Model;
			sourceTree = "<group>";
		};
		2D545B7B1E35276D007BAC95 /* Controller */ = {
			isa = PBXGroup;
			children = (
				2D545B031E351E2C007BAC95 /* AppDelegate.swift */,
				2D545B771E35274A007BAC95 /* ListViewController.swift */,
				2D545B791E352769007BAC95 /* FavoritesViewController.swift */,
				2D545B7C1E352781007BAC95 /* MovieViewController.swift */,
				2D254D6D1E6C7462001407A6 /* CountriesVC.swift */,
				2D4929FB1E7DBD7D00CB9F96 /* MoviesViewController.swift */,
			);
			name = Controller;
			sourceTree = "<group>";
		};
		2D545B821E3527D6007BAC95 /* Service */ = {
			isa = PBXGroup;
			children = (
				2D039E581E367BF8006B62DA /* CoreDataStack.swift */,
				2D545B7E1E3527A1007BAC95 /* RemoteNetflixMovieService.swift */,
				2D545B801E3527B3007BAC95 /* LocalCoreDataService.swift */,
			);
			name = Service;
			sourceTree = "<group>";
		};
		2D6E5BD21F09624D00925780 /* SerieDetailBuilder */ = {
			isa = PBXGroup;
			children = (
				2D4F14FD1F0913A800D66714 /* SerieDetailBuilder.swift */,
				2D4F14FF1F0914FB00D66714 /* SerieDetailDefaultBuilder.swift */,
			);
			name = SerieDetailBuilder;
			sourceTree = "<group>";
		};
		2D6E5BF01F0962D300925780 /* View */ = {
			isa = PBXGroup;
			children = (
				2D6E5BEC1F09626D00925780 /* SerieDetailView.swift */,
				2D6E5BF41F0965C800925780 /* SerieDetailDefaultViewController.swift */,
				2DD94EBF1F0EB25300F44A45 /* SerieDetailDefaultViewController.xib */,
				2D808A241F16790F003B43FA /* DetailViewCountries.xib */,
				2D808A491F167E28003B43FA /* CountriesDetailDefaultViewController.swift */,
			);
			name = View;
			sourceTree = "<group>";
		};
		2D6E5BF11F0962D800925780 /* Presenter */ = {
			isa = PBXGroup;
			children = (
				2D6E5BEE1F0962CC00925780 /* SerieDetailPresenter.swift */,
				2D6E5BF21F09631500925780 /* SerieDetaildefaultPresenter.swift */,
			);
			name = Presenter;
			sourceTree = "<group>";
		};
		2D6E5BF81F09667200925780 /* InteractorManager */ = {
			isa = PBXGroup;
			children = (
				2D6E5BF61F09666E00925780 /* SerieDetailInteractorManager.swift */,
				2D6E5BF91F0966B500925780 /* SeriedetailDefaultInteractorManager.swift */,
			);
			name = InteractorManager;
			sourceTree = "<group>";
		};
		2D6E5BFB1F0966F000925780 /* Core */ = {
			isa = PBXGroup;
			children = (
				2D6E5BF01F0962D300925780 /* View */,
				2D6E5BF11F0962D800925780 /* Presenter */,
				2D6E5BF81F09667200925780 /* InteractorManager */,
			);
			name = Core;
			sourceTree = "<group>";
		};
		2D6E5BFE1F0968B800925780 /* Router */ = {
			isa = PBXGroup;
			children = (
				2D6E5BFC1F09689900925780 /* SerieDetailRouter.swift */,
				2D6E5BFF1F09699F00925780 /* SerieDetailDefaultRouter.swift */,
			);
			name = Router;
			sourceTree = "<group>";
		};
		2D7ABB3C1E3BB18000755EC4 /* Products */ = {
			isa = PBXGroup;
			children = (
				2D7ABB521E3BB18000755EC4 /* Kingfisher.framework */,
				2D7ABB541E3BB18000755EC4 /* Kingfisher.framework */,
				2D7ABB561E3BB18000755EC4 /* Kingfisher.framework */,
				2D7ABB581E3BB18000755EC4 /* Kingfisher.framework */,
				2D7ABB5A1E3BB18000755EC4 /* Kingfisher-Demo.app */,
				2D7ABB5C1E3BB18000755EC4 /* Kingfisher-tvOS-Demo.app */,
				2D7ABB5E1E3BB18000755EC4 /* Kingfisher-macOS-Demo.app */,
				2D7ABB601E3BB18000755EC4 /* Kingfisher-watchOS-Demo.app */,
				2D7ABB621E3BB18000755EC4 /* Kingfisher-watchOS-Demo Extension.appex */,
				2D7ABB641E3BB18000755EC4 /* KingfisherTests.xctest */,
				2D7ABB661E3BB18000755EC4 /* KingfisherTests-tvOS.xctest */,
				2D7ABB681E3BB18000755EC4 /* KingfisherTests-macOS.xctest */,
			);
			name = Products;
			sourceTree = "<group>";
		};
		2DA2BAAB1ECF3D4800B6ADC4 /* View */ = {
			isa = PBXGroup;
			children = (
				2DA2BA901ECF3D1200B6ADC4 /* SeriesListView.swift */,
				2DA2BAB21ECF44EA00B6ADC4 /* SeriesListViewController.swift */,
				2DB7B76C1ED9DD73006DA9C0 /* SeriesListView.xib */,
				2D701F551F01880A007115C2 /* SerieListCollectionViewCell.xib */,
				2DEAC1901F057C9B00F3E72B /* CustomViewLayOut.swift */,
			);
			name = View;
			sourceTree = "<group>";
		};
		2DA2BAAC1ECF3D5F00B6ADC4 /* Core */ = {
			isa = PBXGroup;
			children = (
				2DA2BAAB1ECF3D4800B6ADC4 /* View */,
				2DA2BAAF1ECF3D7700B6ADC4 /* Presenter */,
				2DA2BAB61ECF455C00B6ADC4 /* Router */,
				2DA2BABB1ECF47CC00B6ADC4 /* InteractorManager */,
			);
			name = Core;
			sourceTree = "<group>";
		};
		2DA2BAAF1ECF3D7700B6ADC4 /* Presenter */ = {
			isa = PBXGroup;
			children = (
				2DA2BAAD1ECF3D7000B6ADC4 /* SeriesListPresenter.swift */,
				2DA2BAB01ECF3F7E00B6ADC4 /* SeriesListDefaultPresenter.swift */,
			);
			name = Presenter;
			sourceTree = "<group>";
		};
		2DA2BAB61ECF455C00B6ADC4 /* Router */ = {
			isa = PBXGroup;
			children = (
				2DA2BAB41ECF455700B6ADC4 /* SeriesListRouter.swift */,
				2DA2BAB71ECF461900B6ADC4 /* SerieListDefaultRouter.swift */,
			);
			name = Router;
			sourceTree = "<group>";
		};
		2DA2BABB1ECF47CC00B6ADC4 /* InteractorManager */ = {
			isa = PBXGroup;
			children = (
				2DA2BAB91ECF47C700B6ADC4 /* SeriesListInteractorManager.swift */,
				2DA2BABC1ECF48DA00B6ADC4 /* SeriesListDefaultInteractorManager.swift */,
			);
			name = InteractorManager;
			sourceTree = "<group>";
		};
		2DB7B74C1ED9D57A006DA9C0 /* TabBarView */ = {
			isa = PBXGroup;
			children = (
				2DB7B7661ED9D5B5006DA9C0 /* MainViewController.swift */,
			);
			name = TabBarView;
			sourceTree = "<group>";
		};
		2DB7B76E1ED9EBA5006DA9C0 /* Constant */ = {
			isa = PBXGroup;
			children = (
				2DB7B76F1ED9EBBA006DA9C0 /* Constants.swift */,
			);
			name = Constant;
			sourceTree = "<group>";
		};
		2DC25ED31ECCD16200940EDF /* Modules */ = {
			isa = PBXGroup;
			children = (
				2DB7B74C1ED9D57A006DA9C0 /* TabBarView */,
				2D545B721E3526FD007BAC95 /* Model */,
				2DC25ED51ECCD18000940EDF /* SeriesList */,
				2DC25ED41ECCD16B00940EDF /* MoviesList */,
				2DC25ED61ECCD38700940EDF /* Container.swift */,
			);
			name = Modules;
			sourceTree = "<group>";
		};
		2DC25ED41ECCD16B00940EDF /* MoviesList */ = {
			isa = PBXGroup;
			children = (
				2DA2BAC01ECF5DBC00B6ADC4 /* MoviesListView.xib */,
			);
			name = MoviesList;
			sourceTree = "<group>";
		};
		2DC25ED51ECCD18000940EDF /* SeriesList */ = {
			isa = PBXGroup;
			children = (
				2D4F14E31F09135700D66714 /* SerieDetail */,
				2DC25ED81ECCD3E400940EDF /* Builder */,
				2DA2BAAC1ECF3D5F00B6ADC4 /* Core */,
			);
			name = SeriesList;
			sourceTree = "<group>";
		};
		2DC25ED81ECCD3E400940EDF /* Builder */ = {
			isa = PBXGroup;
			children = (
				2DC25ED91ECCD3FE00940EDF /* SeriesListBuilder.swift */,
				2DC25EDB1ECCD40B00940EDF /* SeriesListDefaultBuilder.swift */,
			);
			name = Builder;
			sourceTree = "<group>";
		};
		2DC5B08D1E72F5300070AF3D /* Extensions */ = {
			isa = PBXGroup;
			children = (
				2D4C89511E43B43E001BE6A1 /* DataExtension.swift */,
				2DFD2E311E6F4E860012D3B2 /* StrimgExtension.swift */,
				2D918B451E7C422B00B7F4AD /* UIColorExtension.swift */,
				2D2CF1161E915DBE00CDE89D /* SearchBarExtension.swift */,
				2D2CF1311E9161BB00CDE89D /* UIImageExtension.swift */,
			);
			name = Extensions;
			sourceTree = "<group>";
		};
		3E0EFDDFEA8F24E37A8598A5 /* Frameworks */ = {
			isa = PBXGroup;
			children = (
				4BD3D158C78EC2CBADE719FA /* Pods_ShowmeSomeNetflix.framework */,
			);
			name = Frameworks;
			sourceTree = "<group>";
		};
		D19B32A02EAF69589C618900 /* Pods */ = {
			isa = PBXGroup;
			children = (
				293990353A105988AFDE71BF /* Pods-ShowmeSomeNetflix.debug.xcconfig */,
				6CBA3D1216A44FE8B97874B8 /* Pods-ShowmeSomeNetflix.release.xcconfig */,
			);
			name = Pods;
			sourceTree = "<group>";
		};
/* End PBXGroup section */

/* Begin PBXNativeTarget section */
		2D545AFF1E351E2C007BAC95 /* ShowmeSomeNetflix */ = {
			isa = PBXNativeTarget;
			buildConfigurationList = 2D545B121E351E2C007BAC95 /* Build configuration list for PBXNativeTarget "ShowmeSomeNetflix" */;
			buildPhases = (
				7F2343CCB69986D131719DAE /* 📦 Check Pods Manifest.lock */,
				2D545AFC1E351E2C007BAC95 /* Sources */,
				2D545AFD1E351E2C007BAC95 /* Frameworks */,
				2D545AFE1E351E2C007BAC95 /* Resources */,
				2D545B6D1E352143007BAC95 /* Copy Frameworks */,
				ECFBF30ABBFE2B3333D3DF64 /* 📦 Embed Pods Frameworks */,
				36FECF598BE0FDCCA16E1953 /* 📦 Copy Pods Resources */,
			);
			buildRules = (
			);
			dependencies = (
				2D4D0CC61E3689C1005E569E /* PBXTargetDependency */,
				2D4D0CE41E368BF9005E569E /* PBXTargetDependency */,
			);
			name = ShowmeSomeNetflix;
			productName = ShowmeSomeNetflix;
			productReference = 2D545B001E351E2C007BAC95 /* ShowmeSomeNetflix.app */;
			productType = "com.apple.product-type.application";
		};
/* End PBXNativeTarget section */

/* Begin PBXProject section */
		2D545AF81E351E2C007BAC95 /* Project object */ = {
			isa = PBXProject;
			attributes = {
				LastSwiftUpdateCheck = 0800;
				LastUpgradeCheck = 0820;
				ORGANIZATIONNAME = "Michel Goñi";
				TargetAttributes = {
					2D545AFF1E351E2C007BAC95 = {
						CreatedOnToolsVersion = 8.0;
						DevelopmentTeam = XE7T8479F3;
						ProvisioningStyle = Automatic;
					};
				};
			};
			buildConfigurationList = 2D545AFB1E351E2C007BAC95 /* Build configuration list for PBXProject "ShowmeSomeNetflix" */;
			compatibilityVersion = "Xcode 3.2";
			developmentRegion = English;
			hasScannedForEncodings = 0;
			knownRegions = (
				en,
				Base,
			);
			mainGroup = 2D545AF71E351E2C007BAC95;
			productRefGroup = 2D545B011E351E2C007BAC95 /* Products */;
			projectDirPath = "";
			projectReferences = (
				{
					ProductGroup = 2D4D0CAB1E36894F005E569E /* Products */;
					ProjectRef = 2D4D0CAA1E36894F005E569E /* Alamofire.xcodeproj */;
				},
				{
					ProductGroup = 2D7ABB3C1E3BB18000755EC4 /* Products */;
					ProjectRef = 2D7ABB3B1E3BB18000755EC4 /* Kingfisher.xcodeproj */;
				},
				{
					ProductGroup = 2D4D0CCA1E368BE7005E569E /* Products */;
					ProjectRef = 2D4D0CC91E368BE7005E569E /* SwiftyJSON.xcodeproj */;
				},
			);
			projectRoot = "";
			targets = (
				2D545AFF1E351E2C007BAC95 /* ShowmeSomeNetflix */,
			);
		};
/* End PBXProject section */

/* Begin PBXReferenceProxy section */
		2D4D0CB61E368950005E569E /* Alamofire.framework */ = {
			isa = PBXReferenceProxy;
			fileType = wrapper.framework;
			path = Alamofire.framework;
			remoteRef = 2D4D0CB51E368950005E569E /* PBXContainerItemProxy */;
			sourceTree = BUILT_PRODUCTS_DIR;
		};
		2D4D0CB81E368950005E569E /* Alamofire iOS Tests.xctest */ = {
			isa = PBXReferenceProxy;
			fileType = wrapper.cfbundle;
			path = "Alamofire iOS Tests.xctest";
			remoteRef = 2D4D0CB71E368950005E569E /* PBXContainerItemProxy */;
			sourceTree = BUILT_PRODUCTS_DIR;
		};
		2D4D0CBA1E368950005E569E /* Alamofire.framework */ = {
			isa = PBXReferenceProxy;
			fileType = wrapper.framework;
			path = Alamofire.framework;
			remoteRef = 2D4D0CB91E368950005E569E /* PBXContainerItemProxy */;
			sourceTree = BUILT_PRODUCTS_DIR;
		};
		2D4D0CBC1E368950005E569E /* Alamofire macOS Tests.xctest */ = {
			isa = PBXReferenceProxy;
			fileType = wrapper.cfbundle;
			path = "Alamofire macOS Tests.xctest";
			remoteRef = 2D4D0CBB1E368950005E569E /* PBXContainerItemProxy */;
			sourceTree = BUILT_PRODUCTS_DIR;
		};
		2D4D0CBE1E368950005E569E /* Alamofire.framework */ = {
			isa = PBXReferenceProxy;
			fileType = wrapper.framework;
			path = Alamofire.framework;
			remoteRef = 2D4D0CBD1E368950005E569E /* PBXContainerItemProxy */;
			sourceTree = BUILT_PRODUCTS_DIR;
		};
		2D4D0CC01E368950005E569E /* Alamofire tvOS Tests.xctest */ = {
			isa = PBXReferenceProxy;
			fileType = wrapper.cfbundle;
			path = "Alamofire tvOS Tests.xctest";
			remoteRef = 2D4D0CBF1E368950005E569E /* PBXContainerItemProxy */;
			sourceTree = BUILT_PRODUCTS_DIR;
		};
		2D4D0CC21E368950005E569E /* Alamofire.framework */ = {
			isa = PBXReferenceProxy;
			fileType = wrapper.framework;
			path = Alamofire.framework;
			remoteRef = 2D4D0CC11E368950005E569E /* PBXContainerItemProxy */;
			sourceTree = BUILT_PRODUCTS_DIR;
		};
		2D4D0CD41E368BE7005E569E /* SwiftyJSON.framework */ = {
			isa = PBXReferenceProxy;
			fileType = wrapper.framework;
			path = SwiftyJSON.framework;
			remoteRef = 2D4D0CD31E368BE7005E569E /* PBXContainerItemProxy */;
			sourceTree = BUILT_PRODUCTS_DIR;
		};
		2D4D0CD61E368BE7005E569E /* SwiftyJSON iOS Tests.xctest */ = {
			isa = PBXReferenceProxy;
			fileType = wrapper.cfbundle;
			path = "SwiftyJSON iOS Tests.xctest";
			remoteRef = 2D4D0CD51E368BE7005E569E /* PBXContainerItemProxy */;
			sourceTree = BUILT_PRODUCTS_DIR;
		};
		2D4D0CD81E368BE7005E569E /* SwiftyJSON.framework */ = {
			isa = PBXReferenceProxy;
			fileType = wrapper.framework;
			path = SwiftyJSON.framework;
			remoteRef = 2D4D0CD71E368BE7005E569E /* PBXContainerItemProxy */;
			sourceTree = BUILT_PRODUCTS_DIR;
		};
		2D4D0CDA1E368BE7005E569E /* SwiftyJSON OSX Tests.xctest */ = {
			isa = PBXReferenceProxy;
			fileType = wrapper.cfbundle;
			path = "SwiftyJSON OSX Tests.xctest";
			remoteRef = 2D4D0CD91E368BE7005E569E /* PBXContainerItemProxy */;
			sourceTree = BUILT_PRODUCTS_DIR;
		};
		2D4D0CDC1E368BE7005E569E /* SwiftyJSON.framework */ = {
			isa = PBXReferenceProxy;
			fileType = wrapper.framework;
			path = SwiftyJSON.framework;
			remoteRef = 2D4D0CDB1E368BE7005E569E /* PBXContainerItemProxy */;
			sourceTree = BUILT_PRODUCTS_DIR;
		};
		2D4D0CDE1E368BE7005E569E /* SwiftyJSON.framework */ = {
			isa = PBXReferenceProxy;
			fileType = wrapper.framework;
			path = SwiftyJSON.framework;
			remoteRef = 2D4D0CDD1E368BE7005E569E /* PBXContainerItemProxy */;
			sourceTree = BUILT_PRODUCTS_DIR;
		};
		2D4D0CE01E368BE7005E569E /* SwiftyJSON tvOS Tests.xctest */ = {
			isa = PBXReferenceProxy;
			fileType = wrapper.cfbundle;
			path = "SwiftyJSON tvOS Tests.xctest";
			remoteRef = 2D4D0CDF1E368BE7005E569E /* PBXContainerItemProxy */;
			sourceTree = BUILT_PRODUCTS_DIR;
		};
		2D7ABB521E3BB18000755EC4 /* Kingfisher.framework */ = {
			isa = PBXReferenceProxy;
			fileType = wrapper.framework;
			path = Kingfisher.framework;
			remoteRef = 2D7ABB511E3BB18000755EC4 /* PBXContainerItemProxy */;
			sourceTree = BUILT_PRODUCTS_DIR;
		};
		2D7ABB541E3BB18000755EC4 /* Kingfisher.framework */ = {
			isa = PBXReferenceProxy;
			fileType = wrapper.framework;
			path = Kingfisher.framework;
			remoteRef = 2D7ABB531E3BB18000755EC4 /* PBXContainerItemProxy */;
			sourceTree = BUILT_PRODUCTS_DIR;
		};
		2D7ABB561E3BB18000755EC4 /* Kingfisher.framework */ = {
			isa = PBXReferenceProxy;
			fileType = wrapper.framework;
			path = Kingfisher.framework;
			remoteRef = 2D7ABB551E3BB18000755EC4 /* PBXContainerItemProxy */;
			sourceTree = BUILT_PRODUCTS_DIR;
		};
		2D7ABB581E3BB18000755EC4 /* Kingfisher.framework */ = {
			isa = PBXReferenceProxy;
			fileType = wrapper.framework;
			path = Kingfisher.framework;
			remoteRef = 2D7ABB571E3BB18000755EC4 /* PBXContainerItemProxy */;
			sourceTree = BUILT_PRODUCTS_DIR;
		};
		2D7ABB5A1E3BB18000755EC4 /* Kingfisher-Demo.app */ = {
			isa = PBXReferenceProxy;
			fileType = wrapper.application;
			path = "Kingfisher-Demo.app";
			remoteRef = 2D7ABB591E3BB18000755EC4 /* PBXContainerItemProxy */;
			sourceTree = BUILT_PRODUCTS_DIR;
		};
		2D7ABB5C1E3BB18000755EC4 /* Kingfisher-tvOS-Demo.app */ = {
			isa = PBXReferenceProxy;
			fileType = wrapper.application;
			path = "Kingfisher-tvOS-Demo.app";
			remoteRef = 2D7ABB5B1E3BB18000755EC4 /* PBXContainerItemProxy */;
			sourceTree = BUILT_PRODUCTS_DIR;
		};
		2D7ABB5E1E3BB18000755EC4 /* Kingfisher-macOS-Demo.app */ = {
			isa = PBXReferenceProxy;
			fileType = wrapper.application;
			path = "Kingfisher-macOS-Demo.app";
			remoteRef = 2D7ABB5D1E3BB18000755EC4 /* PBXContainerItemProxy */;
			sourceTree = BUILT_PRODUCTS_DIR;
		};
		2D7ABB601E3BB18000755EC4 /* Kingfisher-watchOS-Demo.app */ = {
			isa = PBXReferenceProxy;
			fileType = wrapper.application;
			path = "Kingfisher-watchOS-Demo.app";
			remoteRef = 2D7ABB5F1E3BB18000755EC4 /* PBXContainerItemProxy */;
			sourceTree = BUILT_PRODUCTS_DIR;
		};
		2D7ABB621E3BB18000755EC4 /* Kingfisher-watchOS-Demo Extension.appex */ = {
			isa = PBXReferenceProxy;
			fileType = "wrapper.app-extension";
			path = "Kingfisher-watchOS-Demo Extension.appex";
			remoteRef = 2D7ABB611E3BB18000755EC4 /* PBXContainerItemProxy */;
			sourceTree = BUILT_PRODUCTS_DIR;
		};
		2D7ABB641E3BB18000755EC4 /* KingfisherTests.xctest */ = {
			isa = PBXReferenceProxy;
			fileType = wrapper.cfbundle;
			path = KingfisherTests.xctest;
			remoteRef = 2D7ABB631E3BB18000755EC4 /* PBXContainerItemProxy */;
			sourceTree = BUILT_PRODUCTS_DIR;
		};
		2D7ABB661E3BB18000755EC4 /* KingfisherTests-tvOS.xctest */ = {
			isa = PBXReferenceProxy;
			fileType = wrapper.cfbundle;
			path = "KingfisherTests-tvOS.xctest";
			remoteRef = 2D7ABB651E3BB18000755EC4 /* PBXContainerItemProxy */;
			sourceTree = BUILT_PRODUCTS_DIR;
		};
		2D7ABB681E3BB18000755EC4 /* KingfisherTests-macOS.xctest */ = {
			isa = PBXReferenceProxy;
			fileType = wrapper.cfbundle;
			path = "KingfisherTests-macOS.xctest";
			remoteRef = 2D7ABB671E3BB18000755EC4 /* PBXContainerItemProxy */;
			sourceTree = BUILT_PRODUCTS_DIR;
		};
/* End PBXReferenceProxy section */

/* Begin PBXResourcesBuildPhase section */
		2D545AFE1E351E2C007BAC95 /* Resources */ = {
			isa = PBXResourcesBuildPhase;
			buildActionMask = 2147483647;
			files = (
				2D545B0E1E351E2C007BAC95 /* LaunchScreen.storyboard in Resources */,
				2DA2BAC11ECF5DBC00B6ADC4 /* MoviesListView.xib in Resources */,
				2D808A251F16790F003B43FA /* DetailViewCountries.xib in Resources */,
				2D545B0B1E351E2C007BAC95 /* Assets.xcassets in Resources */,
				2D545B091E351E2C007BAC95 /* Main.storyboard in Resources */,
				2DD94EC01F0EB25300F44A45 /* SerieDetailDefaultViewController.xib in Resources */,
				2DB7B76D1ED9DD73006DA9C0 /* SeriesListView.xib in Resources */,
				2D701F561F01880A007115C2 /* SerieListCollectionViewCell.xib in Resources */,
			);
			runOnlyForDeploymentPostprocessing = 0;
		};
/* End PBXResourcesBuildPhase section */

/* Begin PBXShellScriptBuildPhase section */
		36FECF598BE0FDCCA16E1953 /* 📦 Copy Pods Resources */ = {
			isa = PBXShellScriptBuildPhase;
			buildActionMask = 2147483647;
			files = (
			);
			inputPaths = (
			);
			name = "📦 Copy Pods Resources";
			outputPaths = (
			);
			runOnlyForDeploymentPostprocessing = 0;
			shellPath = /bin/sh;
			shellScript = "\"${SRCROOT}/Pods/Target Support Files/Pods-ShowmeSomeNetflix/Pods-ShowmeSomeNetflix-resources.sh\"\n";
			showEnvVarsInLog = 0;
		};
		7F2343CCB69986D131719DAE /* 📦 Check Pods Manifest.lock */ = {
			isa = PBXShellScriptBuildPhase;
			buildActionMask = 2147483647;
			files = (
			);
			inputPaths = (
			);
			name = "📦 Check Pods Manifest.lock";
			outputPaths = (
			);
			runOnlyForDeploymentPostprocessing = 0;
			shellPath = /bin/sh;
			shellScript = "diff \"${PODS_ROOT}/../Podfile.lock\" \"${PODS_ROOT}/Manifest.lock\" > /dev/null\nif [[ $? != 0 ]] ; then\n    cat << EOM\nerror: The sandbox is not in sync with the Podfile.lock. Run 'pod install' or update your CocoaPods installation.\nEOM\n    exit 1\nfi\n";
			showEnvVarsInLog = 0;
		};
		ECFBF30ABBFE2B3333D3DF64 /* 📦 Embed Pods Frameworks */ = {
			isa = PBXShellScriptBuildPhase;
			buildActionMask = 2147483647;
			files = (
			);
			inputPaths = (
			);
			name = "📦 Embed Pods Frameworks";
			outputPaths = (
			);
			runOnlyForDeploymentPostprocessing = 0;
			shellPath = /bin/sh;
			shellScript = "\"${SRCROOT}/Pods/Target Support Files/Pods-ShowmeSomeNetflix/Pods-ShowmeSomeNetflix-frameworks.sh\"\n";
			showEnvVarsInLog = 0;
		};
/* End PBXShellScriptBuildPhase section */

/* Begin PBXSourcesBuildPhase section */
		2D545AFC1E351E2C007BAC95 /* Sources */ = {
			isa = PBXSourcesBuildPhase;
			buildActionMask = 2147483647;
			files = (
				2D545B7A1E352769007BAC95 /* FavoritesViewController.swift in Sources */,
				2DFD2E321E6F4E860012D3B2 /* StrimgExtension.swift in Sources */,
				2D2CF1321E9161BB00CDE89D /* UIImageExtension.swift in Sources */,
				2D4F14FE1F0913A800D66714 /* SerieDetailBuilder.swift in Sources */,
				2D4C89521E43B43E001BE6A1 /* DataExtension.swift in Sources */,
				2D545B7F1E3527A1007BAC95 /* RemoteNetflixMovieService.swift in Sources */,
				2D039E591E367BF8006B62DA /* CoreDataStack.swift in Sources */,
				2D545B811E3527B3007BAC95 /* LocalCoreDataService.swift in Sources */,
				2D6E5C001F09699F00925780 /* SerieDetailDefaultRouter.swift in Sources */,
				2D492A011E7DC10100CB9F96 /* TransitionFromSelectedMovieToMovies.swift in Sources */,
				2DC25EDA1ECCD3FE00940EDF /* SeriesListBuilder.swift in Sources */,
				2D6E5BF71F09666E00925780 /* SerieDetailInteractorManager.swift in Sources */,
				2DA2BAB11ECF3F7E00B6ADC4 /* SeriesListDefaultPresenter.swift in Sources */,
				2D2CF1171E915DBE00CDE89D /* SearchBarExtension.swift in Sources */,
				2DA2BABA1ECF47C700B6ADC4 /* SeriesListInteractorManager.swift in Sources */,
				2DC25EDC1ECCD40B00940EDF /* SeriesListDefaultBuilder.swift in Sources */,
				2DA2BABD1ECF48DA00B6ADC4 /* SeriesListDefaultInteractorManager.swift in Sources */,
				2D6E5BEF1F0962CC00925780 /* SerieDetailPresenter.swift in Sources */,
				2DB7B7671ED9D5B5006DA9C0 /* MainViewController.swift in Sources */,
				2D4F15001F0914FB00D66714 /* SerieDetailDefaultBuilder.swift in Sources */,
				2D918B2B1E7C3A3600B7F4AD /* RoundButton.swift in Sources */,
				2D545B711E3526EA007BAC95 /* Movie.swift in Sources */,
				2D545B761E352731007BAC95 /* MovieManaged+Mapping.swift in Sources */,
				2D545B7D1E352781007BAC95 /* MovieViewController.swift in Sources */,
				2DA2BAB51ECF455700B6ADC4 /* SeriesListRouter.swift in Sources */,
				2D6E5BED1F09626D00925780 /* SerieDetailView.swift in Sources */,
				2DA2BAB81ECF461900B6ADC4 /* SerieListDefaultRouter.swift in Sources */,
				2DC25ED71ECCD38700940EDF /* Container.swift in Sources */,
				2DA2BAB31ECF44EA00B6ADC4 /* SeriesListViewController.swift in Sources */,
				2D6E5BF51F0965C800925780 /* SerieDetailDefaultViewController.swift in Sources */,
				2DEAC1911F057C9B00F3E72B /* CustomViewLayOut.swift in Sources */,
				2D51FF5E1E7C75BA001A4C89 /* TransitionFromSecondToFirst.swift in Sources */,
				2D4929FF1E7DC0BE00CB9F96 /* TransitionFroMoviesToSelected.swift in Sources */,
				2D254D6E1E6C7462001407A6 /* CountriesVC.swift in Sources */,
				2DA2BA911ECF3D1200B6ADC4 /* SeriesListView.swift in Sources */,
				2D6E5BFD1F09689900925780 /* SerieDetailRouter.swift in Sources */,
				2D918B461E7C422B00B7F4AD /* UIColorExtension.swift in Sources */,
				2D4929FC1E7DBD7D00CB9F96 /* MoviesViewController.swift in Sources */,
				2D6E5BF31F09631500925780 /* SerieDetaildefaultPresenter.swift in Sources */,
				2D545B741E35271A007BAC95 /* MovieCell.swift in Sources */,
				2D808A4A1F167E28003B43FA /* CountriesDetailDefaultViewController.swift in Sources */,
				2DA2BAAE1ECF3D7000B6ADC4 /* SeriesListPresenter.swift in Sources */,
				2D545B041E351E2C007BAC95 /* AppDelegate.swift in Sources */,
				2D545B781E35274A007BAC95 /* ListViewController.swift in Sources */,
				2D6E5BFA1F0966B500925780 /* SeriedetailDefaultInteractorManager.swift in Sources */,
				2D545B851E3529F7007BAC95 /* NetflixMovie.xcdatamodeld in Sources */,
				2D51FF5C1E7C6C97001A4C89 /* TransitionFromFirstToSecond.swift in Sources */,
				2DB7B7701ED9EBBA006DA9C0 /* Constants.swift in Sources */,
			);
			runOnlyForDeploymentPostprocessing = 0;
		};
/* End PBXSourcesBuildPhase section */

/* Begin PBXTargetDependency section */
		2D4D0CC61E3689C1005E569E /* PBXTargetDependency */ = {
			isa = PBXTargetDependency;
			name = "Alamofire iOS";
			targetProxy = 2D4D0CC51E3689C1005E569E /* PBXContainerItemProxy */;
		};
		2D4D0CE41E368BF9005E569E /* PBXTargetDependency */ = {
			isa = PBXTargetDependency;
			name = "SwiftyJSON iOS";
			targetProxy = 2D4D0CE31E368BF9005E569E /* PBXContainerItemProxy */;
		};
/* End PBXTargetDependency section */

/* Begin PBXVariantGroup section */
		2D545B071E351E2C007BAC95 /* Main.storyboard */ = {
			isa = PBXVariantGroup;
			children = (
				2D545B081E351E2C007BAC95 /* Base */,
			);
			name = Main.storyboard;
			sourceTree = "<group>";
		};
		2D545B0C1E351E2C007BAC95 /* LaunchScreen.storyboard */ = {
			isa = PBXVariantGroup;
			children = (
				2D545B0D1E351E2C007BAC95 /* Base */,
			);
			name = LaunchScreen.storyboard;
			sourceTree = "<group>";
		};
/* End PBXVariantGroup section */

/* Begin XCBuildConfiguration section */
		2D545B101E351E2C007BAC95 /* Debug */ = {
			isa = XCBuildConfiguration;
			buildSettings = {
				ALWAYS_SEARCH_USER_PATHS = NO;
				CLANG_ANALYZER_NONNULL = YES;
				CLANG_CXX_LANGUAGE_STANDARD = "gnu++0x";
				CLANG_CXX_LIBRARY = "libc++";
				CLANG_ENABLE_MODULES = YES;
				CLANG_ENABLE_OBJC_ARC = YES;
				CLANG_WARN_BOOL_CONVERSION = YES;
				CLANG_WARN_CONSTANT_CONVERSION = YES;
				CLANG_WARN_DIRECT_OBJC_ISA_USAGE = YES_ERROR;
				CLANG_WARN_DOCUMENTATION_COMMENTS = YES;
				CLANG_WARN_EMPTY_BODY = YES;
				CLANG_WARN_ENUM_CONVERSION = YES;
				CLANG_WARN_INFINITE_RECURSION = YES;
				CLANG_WARN_INT_CONVERSION = YES;
				CLANG_WARN_OBJC_ROOT_CLASS = YES_ERROR;
				CLANG_WARN_SUSPICIOUS_MOVE = YES;
				CLANG_WARN_SUSPICIOUS_MOVES = YES;
				CLANG_WARN_UNREACHABLE_CODE = YES;
				CLANG_WARN__DUPLICATE_METHOD_MATCH = YES;
				"CODE_SIGN_IDENTITY[sdk=iphoneos*]" = "iPhone Developer";
				COPY_PHASE_STRIP = NO;
				DEBUG_INFORMATION_FORMAT = dwarf;
				ENABLE_STRICT_OBJC_MSGSEND = YES;
				ENABLE_TESTABILITY = YES;
				GCC_C_LANGUAGE_STANDARD = gnu99;
				GCC_DYNAMIC_NO_PIC = NO;
				GCC_NO_COMMON_BLOCKS = YES;
				GCC_OPTIMIZATION_LEVEL = 0;
				GCC_PREPROCESSOR_DEFINITIONS = (
					"DEBUG=1",
					"$(inherited)",
				);
				GCC_WARN_64_TO_32_BIT_CONVERSION = YES;
				GCC_WARN_ABOUT_RETURN_TYPE = YES_ERROR;
				GCC_WARN_UNDECLARED_SELECTOR = YES;
				GCC_WARN_UNINITIALIZED_AUTOS = YES_AGGRESSIVE;
				GCC_WARN_UNUSED_FUNCTION = YES;
				GCC_WARN_UNUSED_VARIABLE = YES;
				IPHONEOS_DEPLOYMENT_TARGET = 10.0;
				MTL_ENABLE_DEBUG_INFO = YES;
				ONLY_ACTIVE_ARCH = YES;
				SDKROOT = iphoneos;
				SWIFT_ACTIVE_COMPILATION_CONDITIONS = DEBUG;
				SWIFT_OPTIMIZATION_LEVEL = "-Onone";
			};
			name = Debug;
		};
		2D545B111E351E2C007BAC95 /* Release */ = {
			isa = XCBuildConfiguration;
			buildSettings = {
				ALWAYS_SEARCH_USER_PATHS = NO;
				CLANG_ANALYZER_NONNULL = YES;
				CLANG_CXX_LANGUAGE_STANDARD = "gnu++0x";
				CLANG_CXX_LIBRARY = "libc++";
				CLANG_ENABLE_MODULES = YES;
				CLANG_ENABLE_OBJC_ARC = YES;
				CLANG_WARN_BOOL_CONVERSION = YES;
				CLANG_WARN_CONSTANT_CONVERSION = YES;
				CLANG_WARN_DIRECT_OBJC_ISA_USAGE = YES_ERROR;
				CLANG_WARN_DOCUMENTATION_COMMENTS = YES;
				CLANG_WARN_EMPTY_BODY = YES;
				CLANG_WARN_ENUM_CONVERSION = YES;
				CLANG_WARN_INFINITE_RECURSION = YES;
				CLANG_WARN_INT_CONVERSION = YES;
				CLANG_WARN_OBJC_ROOT_CLASS = YES_ERROR;
				CLANG_WARN_SUSPICIOUS_MOVE = YES;
				CLANG_WARN_SUSPICIOUS_MOVES = YES;
				CLANG_WARN_UNREACHABLE_CODE = YES;
				CLANG_WARN__DUPLICATE_METHOD_MATCH = YES;
				"CODE_SIGN_IDENTITY[sdk=iphoneos*]" = "iPhone Developer";
				COPY_PHASE_STRIP = NO;
				DEBUG_INFORMATION_FORMAT = "dwarf-with-dsym";
				ENABLE_NS_ASSERTIONS = NO;
				ENABLE_STRICT_OBJC_MSGSEND = YES;
				GCC_C_LANGUAGE_STANDARD = gnu99;
				GCC_NO_COMMON_BLOCKS = YES;
				GCC_WARN_64_TO_32_BIT_CONVERSION = YES;
				GCC_WARN_ABOUT_RETURN_TYPE = YES_ERROR;
				GCC_WARN_UNDECLARED_SELECTOR = YES;
				GCC_WARN_UNINITIALIZED_AUTOS = YES_AGGRESSIVE;
				GCC_WARN_UNUSED_FUNCTION = YES;
				GCC_WARN_UNUSED_VARIABLE = YES;
				IPHONEOS_DEPLOYMENT_TARGET = 10.0;
				MTL_ENABLE_DEBUG_INFO = NO;
				SDKROOT = iphoneos;
				SWIFT_OPTIMIZATION_LEVEL = "-Owholemodule";
				VALIDATE_PRODUCT = YES;
			};
			name = Release;
		};
		2D545B131E351E2C007BAC95 /* Debug */ = {
			isa = XCBuildConfiguration;
			baseConfigurationReference = 293990353A105988AFDE71BF /* Pods-ShowmeSomeNetflix.debug.xcconfig */;
			buildSettings = {
				ALWAYS_EMBED_SWIFT_STANDARD_LIBRARIES = YES;
				ASSETCATALOG_COMPILER_APPICON_NAME = AppIcon;
				DEVELOPMENT_TEAM = XE7T8479F3;
				INFOPLIST_FILE = ShowmeSomeNetflix/Info.plist;
				LD_RUNPATH_SEARCH_PATHS = "$(inherited) @executable_path/Frameworks";
				PRODUCT_BUNDLE_IDENTIFIER = mgi.ShowmeSomeNetflix;
				PRODUCT_NAME = "$(TARGET_NAME)";
				SWIFT_VERSION = 3.0;
			};
			name = Debug;
		};
		2D545B141E351E2C007BAC95 /* Release */ = {
			isa = XCBuildConfiguration;
			baseConfigurationReference = 6CBA3D1216A44FE8B97874B8 /* Pods-ShowmeSomeNetflix.release.xcconfig */;
			buildSettings = {
				ALWAYS_EMBED_SWIFT_STANDARD_LIBRARIES = YES;
				ASSETCATALOG_COMPILER_APPICON_NAME = AppIcon;
				DEVELOPMENT_TEAM = XE7T8479F3;
				INFOPLIST_FILE = ShowmeSomeNetflix/Info.plist;
				LD_RUNPATH_SEARCH_PATHS = "$(inherited) @executable_path/Frameworks";
				PRODUCT_BUNDLE_IDENTIFIER = mgi.ShowmeSomeNetflix;
				PRODUCT_NAME = "$(TARGET_NAME)";
				SWIFT_VERSION = 3.0;
			};
			name = Release;
		};
/* End XCBuildConfiguration section */

/* Begin XCConfigurationList section */
		2D545AFB1E351E2C007BAC95 /* Build configuration list for PBXProject "ShowmeSomeNetflix" */ = {
			isa = XCConfigurationList;
			buildConfigurations = (
				2D545B101E351E2C007BAC95 /* Debug */,
				2D545B111E351E2C007BAC95 /* Release */,
			);
			defaultConfigurationIsVisible = 0;
			defaultConfigurationName = Release;
		};
		2D545B121E351E2C007BAC95 /* Build configuration list for PBXNativeTarget "ShowmeSomeNetflix" */ = {
			isa = XCConfigurationList;
			buildConfigurations = (
				2D545B131E351E2C007BAC95 /* Debug */,
				2D545B141E351E2C007BAC95 /* Release */,
			);
			defaultConfigurationIsVisible = 0;
			defaultConfigurationName = Release;
		};
/* End XCConfigurationList section */

/* Begin XCVersionGroup section */
		2D545B831E3529F7007BAC95 /* NetflixMovie.xcdatamodeld */ = {
			isa = XCVersionGroup;
			children = (
				2D545B841E3529F7007BAC95 /* NetflixMovie.xcdatamodel */,
			);
			currentVersion = 2D545B841E3529F7007BAC95 /* NetflixMovie.xcdatamodel */;
			path = NetflixMovie.xcdatamodeld;
			sourceTree = "<group>";
			versionGroupType = wrapper.xcdatamodel;
		};
/* End XCVersionGroup section */
	};
	rootObject = 2D545AF81E351E2C007BAC95 /* Project object */;
}
